// !$*UTF8*$!
{
	archiveVersion = 1;
	classes = {
	};
	objectVersion = 48;
	objects = {

/* Begin PBXBuildFile section */
		224B66C31FA8A56B0017E1D5 /* AppDelegate.swift in Sources */ = {isa = PBXBuildFile; fileRef = 224B66C21FA8A56B0017E1D5 /* AppDelegate.swift */; };
		224B66C81FA8A56B0017E1D5 /* Main.storyboard in Resources */ = {isa = PBXBuildFile; fileRef = 224B66C61FA8A56B0017E1D5 /* Main.storyboard */; };
		224B66CA1FA8A56B0017E1D5 /* Assets.xcassets in Resources */ = {isa = PBXBuildFile; fileRef = 224B66C91FA8A56B0017E1D5 /* Assets.xcassets */; };
		224B66CD1FA8A56B0017E1D5 /* LaunchScreen.storyboard in Resources */ = {isa = PBXBuildFile; fileRef = 224B66CB1FA8A56B0017E1D5 /* LaunchScreen.storyboard */; };
		224B66D81FA8A56B0017E1D5 /* PatronStrategyTests.swift in Sources */ = {isa = PBXBuildFile; fileRef = 224B66D71FA8A56B0017E1D5 /* PatronStrategyTests.swift */; };
		224B66E31FA8A56B0017E1D5 /* PatronStrategyUITests.swift in Sources */ = {isa = PBXBuildFile; fileRef = 224B66E21FA8A56B0017E1D5 /* PatronStrategyUITests.swift */; };
		224B66F31FA8B1A50017E1D5 /* MainTableViewController.swift in Sources */ = {isa = PBXBuildFile; fileRef = 224B66F11FA8B1A50017E1D5 /* MainTableViewController.swift */; };
		224B66F41FA8B1A50017E1D5 /* MainTableViewController.xib in Resources */ = {isa = PBXBuildFile; fileRef = 224B66F21FA8B1A50017E1D5 /* MainTableViewController.xib */; };
		224B66F81FA8B24C0017E1D5 /* ATableViewCell.swift in Sources */ = {isa = PBXBuildFile; fileRef = 224B66F61FA8B24C0017E1D5 /* ATableViewCell.swift */; };
		224B66F91FA8B24C0017E1D5 /* ATableViewCell.xib in Resources */ = {isa = PBXBuildFile; fileRef = 224B66F71FA8B24C0017E1D5 /* ATableViewCell.xib */; };
		224B66FC1FA8B45D0017E1D5 /* BTableViewCell.swift in Sources */ = {isa = PBXBuildFile; fileRef = 224B66FA1FA8B45D0017E1D5 /* BTableViewCell.swift */; };
		224B66FD1FA8B45D0017E1D5 /* BTableViewCell.xib in Resources */ = {isa = PBXBuildFile; fileRef = 224B66FB1FA8B45D0017E1D5 /* BTableViewCell.xib */; };
		224B67001FA8B5780017E1D5 /* PatronStrategyDrawerProtocol.swift in Sources */ = {isa = PBXBuildFile; fileRef = 224B66FF1FA8B5780017E1D5 /* PatronStrategyDrawerProtocol.swift */; };
		225F96BD1FAB11C400192ECD /* UserInformationModel.swift in Sources */ = {isa = PBXBuildFile; fileRef = 225F96BC1FAB11C400192ECD /* UserInformationModel.swift */; };
		225F96BF1FAB11D200192ECD /* UserPictureModel.swift in Sources */ = {isa = PBXBuildFile; fileRef = 225F96BE1FAB11D200192ECD /* UserPictureModel.swift */; };
		225F96C61FAB18DE00192ECD /* MainTableViewVM.swift in Sources */ = {isa = PBXBuildFile; fileRef = 225F96C51FAB18DE00192ECD /* MainTableViewVM.swift */; };
		225F96CA1FAB1B3500192ECD /* dataExample.json in Resources */ = {isa = PBXBuildFile; fileRef = 225F96C91FAB1B3500192ECD /* dataExample.json */; };
		225F96CC1FAB1F3900192ECD /* UserInformationVM.swift in Sources */ = {isa = PBXBuildFile; fileRef = 225F96CB1FAB1F3900192ECD /* UserInformationVM.swift */; };
		225F96CE1FAB1F5000192ECD /* UserPictureVM.swift in Sources */ = {isa = PBXBuildFile; fileRef = 225F96CD1FAB1F5000192ECD /* UserPictureVM.swift */; };
		225F96D21FAB25D700192ECD /* MainTableModel.swift in Sources */ = {isa = PBXBuildFile; fileRef = 225F96D11FAB25D700192ECD /* MainTableModel.swift */; };
		225F96D51FAB473000192ECD /* MainTableItemType.swift in Sources */ = {isa = PBXBuildFile; fileRef = 225F96D41FAB473000192ECD /* MainTableItemType.swift */; };
/* End PBXBuildFile section */

/* Begin PBXContainerItemProxy section */
		224B66D41FA8A56B0017E1D5 /* PBXContainerItemProxy */ = {
			isa = PBXContainerItemProxy;
			containerPortal = 224B66B71FA8A56B0017E1D5 /* Project object */;
			proxyType = 1;
			remoteGlobalIDString = 224B66BE1FA8A56B0017E1D5;
			remoteInfo = PatronStrategy;
		};
		224B66DF1FA8A56B0017E1D5 /* PBXContainerItemProxy */ = {
			isa = PBXContainerItemProxy;
			containerPortal = 224B66B71FA8A56B0017E1D5 /* Project object */;
			proxyType = 1;
			remoteGlobalIDString = 224B66BE1FA8A56B0017E1D5;
			remoteInfo = PatronStrategy;
		};
/* End PBXContainerItemProxy section */

/* Begin PBXFileReference section */
		224B66BF1FA8A56B0017E1D5 /* PatronStrategy.app */ = {isa = PBXFileReference; explicitFileType = wrapper.application; includeInIndex = 0; path = PatronStrategy.app; sourceTree = BUILT_PRODUCTS_DIR; };
		224B66C21FA8A56B0017E1D5 /* AppDelegate.swift */ = {isa = PBXFileReference; lastKnownFileType = sourcecode.swift; path = AppDelegate.swift; sourceTree = "<group>"; };
		224B66C71FA8A56B0017E1D5 /* Base */ = {isa = PBXFileReference; lastKnownFileType = file.storyboard; name = Base; path = Base.lproj/Main.storyboard; sourceTree = "<group>"; };
		224B66C91FA8A56B0017E1D5 /* Assets.xcassets */ = {isa = PBXFileReference; lastKnownFileType = folder.assetcatalog; path = Assets.xcassets; sourceTree = "<group>"; };
		224B66CC1FA8A56B0017E1D5 /* Base */ = {isa = PBXFileReference; lastKnownFileType = file.storyboard; name = Base; path = Base.lproj/LaunchScreen.storyboard; sourceTree = "<group>"; };
		224B66CE1FA8A56B0017E1D5 /* Info.plist */ = {isa = PBXFileReference; lastKnownFileType = text.plist.xml; path = Info.plist; sourceTree = "<group>"; };
		224B66D31FA8A56B0017E1D5 /* PatronStrategyTests.xctest */ = {isa = PBXFileReference; explicitFileType = wrapper.cfbundle; includeInIndex = 0; path = PatronStrategyTests.xctest; sourceTree = BUILT_PRODUCTS_DIR; };
		224B66D71FA8A56B0017E1D5 /* PatronStrategyTests.swift */ = {isa = PBXFileReference; lastKnownFileType = sourcecode.swift; path = PatronStrategyTests.swift; sourceTree = "<group>"; };
		224B66D91FA8A56B0017E1D5 /* Info.plist */ = {isa = PBXFileReference; lastKnownFileType = text.plist.xml; path = Info.plist; sourceTree = "<group>"; };
		224B66DE1FA8A56B0017E1D5 /* PatronStrategyUITests.xctest */ = {isa = PBXFileReference; explicitFileType = wrapper.cfbundle; includeInIndex = 0; path = PatronStrategyUITests.xctest; sourceTree = BUILT_PRODUCTS_DIR; };
		224B66E21FA8A56B0017E1D5 /* PatronStrategyUITests.swift */ = {isa = PBXFileReference; lastKnownFileType = sourcecode.swift; path = PatronStrategyUITests.swift; sourceTree = "<group>"; };
		224B66E41FA8A56B0017E1D5 /* Info.plist */ = {isa = PBXFileReference; lastKnownFileType = text.plist.xml; path = Info.plist; sourceTree = "<group>"; };
		224B66F11FA8B1A50017E1D5 /* MainTableViewController.swift */ = {isa = PBXFileReference; lastKnownFileType = sourcecode.swift; path = MainTableViewController.swift; sourceTree = "<group>"; };
		224B66F21FA8B1A50017E1D5 /* MainTableViewController.xib */ = {isa = PBXFileReference; lastKnownFileType = file.xib; path = MainTableViewController.xib; sourceTree = "<group>"; };
		224B66F61FA8B24C0017E1D5 /* ATableViewCell.swift */ = {isa = PBXFileReference; lastKnownFileType = sourcecode.swift; path = ATableViewCell.swift; sourceTree = "<group>"; };
		224B66F71FA8B24C0017E1D5 /* ATableViewCell.xib */ = {isa = PBXFileReference; lastKnownFileType = file.xib; path = ATableViewCell.xib; sourceTree = "<group>"; };
		224B66FA1FA8B45D0017E1D5 /* BTableViewCell.swift */ = {isa = PBXFileReference; lastKnownFileType = sourcecode.swift; path = BTableViewCell.swift; sourceTree = "<group>"; };
		224B66FB1FA8B45D0017E1D5 /* BTableViewCell.xib */ = {isa = PBXFileReference; lastKnownFileType = file.xib; path = BTableViewCell.xib; sourceTree = "<group>"; };
		224B66FF1FA8B5780017E1D5 /* PatronStrategyDrawerProtocol.swift */ = {isa = PBXFileReference; lastKnownFileType = sourcecode.swift; path = PatronStrategyDrawerProtocol.swift; sourceTree = "<group>"; };
		225F96BC1FAB11C400192ECD /* UserInformationModel.swift */ = {isa = PBXFileReference; lastKnownFileType = sourcecode.swift; path = UserInformationModel.swift; sourceTree = "<group>"; };
		225F96BE1FAB11D200192ECD /* UserPictureModel.swift */ = {isa = PBXFileReference; lastKnownFileType = sourcecode.swift; path = UserPictureModel.swift; sourceTree = "<group>"; };
		225F96C51FAB18DE00192ECD /* MainTableViewVM.swift */ = {isa = PBXFileReference; lastKnownFileType = sourcecode.swift; path = MainTableViewVM.swift; sourceTree = "<group>"; };
		225F96C91FAB1B3500192ECD /* dataExample.json */ = {isa = PBXFileReference; lastKnownFileType = text.json; path = dataExample.json; sourceTree = SOURCE_ROOT; };
		225F96CB1FAB1F3900192ECD /* UserInformationVM.swift */ = {isa = PBXFileReference; lastKnownFileType = sourcecode.swift; path = UserInformationVM.swift; sourceTree = "<group>"; };
		225F96CD1FAB1F5000192ECD /* UserPictureVM.swift */ = {isa = PBXFileReference; lastKnownFileType = sourcecode.swift; path = UserPictureVM.swift; sourceTree = "<group>"; };
		225F96D11FAB25D700192ECD /* MainTableModel.swift */ = {isa = PBXFileReference; lastKnownFileType = sourcecode.swift; path = MainTableModel.swift; sourceTree = "<group>"; };
		225F96D41FAB473000192ECD /* MainTableItemType.swift */ = {isa = PBXFileReference; lastKnownFileType = sourcecode.swift; path = MainTableItemType.swift; sourceTree = "<group>"; };
/* End PBXFileReference section */

/* Begin PBXFrameworksBuildPhase section */
		224B66BC1FA8A56B0017E1D5 /* Frameworks */ = {
			isa = PBXFrameworksBuildPhase;
			buildActionMask = 2147483647;
			files = (
			);
			runOnlyForDeploymentPostprocessing = 0;
		};
		224B66D01FA8A56B0017E1D5 /* Frameworks */ = {
			isa = PBXFrameworksBuildPhase;
			buildActionMask = 2147483647;
			files = (
			);
			runOnlyForDeploymentPostprocessing = 0;
		};
		224B66DB1FA8A56B0017E1D5 /* Frameworks */ = {
			isa = PBXFrameworksBuildPhase;
			buildActionMask = 2147483647;
			files = (
			);
			runOnlyForDeploymentPostprocessing = 0;
		};
/* End PBXFrameworksBuildPhase section */

/* Begin PBXGroup section */
		224B66B61FA8A56B0017E1D5 = {
			isa = PBXGroup;
			children = (
				224B66C11FA8A56B0017E1D5 /* PatronStrategy */,
				224B66D61FA8A56B0017E1D5 /* PatronStrategyTests */,
				224B66E11FA8A56B0017E1D5 /* PatronStrategyUITests */,
				224B66C01FA8A56B0017E1D5 /* Products */,
			);
			sourceTree = "<group>";
		};
		224B66C01FA8A56B0017E1D5 /* Products */ = {
			isa = PBXGroup;
			children = (
				224B66BF1FA8A56B0017E1D5 /* PatronStrategy.app */,
				224B66D31FA8A56B0017E1D5 /* PatronStrategyTests.xctest */,
				224B66DE1FA8A56B0017E1D5 /* PatronStrategyUITests.xctest */,
			);
			name = Products;
			sourceTree = "<group>";
		};
		224B66C11FA8A56B0017E1D5 /* PatronStrategy */ = {
			isa = PBXGroup;
			children = (
				225F96D31FAB471500192ECD /* Enumerations */,
				224B66FE1FA8B55F0017E1D5 /* Protocols */,
				224B66F01FA8B0CC0017E1D5 /* TableMVVM */,
				224B66C21FA8A56B0017E1D5 /* AppDelegate.swift */,
				224B66CB1FA8A56B0017E1D5 /* LaunchScreen.storyboard */,
				224B66C61FA8A56B0017E1D5 /* Main.storyboard */,
				225F96C91FAB1B3500192ECD /* dataExample.json */,
				224B66CE1FA8A56B0017E1D5 /* Info.plist */,
				224B66C91FA8A56B0017E1D5 /* Assets.xcassets */,
			);
			path = PatronStrategy;
			sourceTree = "<group>";
		};
		224B66D61FA8A56B0017E1D5 /* PatronStrategyTests */ = {
			isa = PBXGroup;
			children = (
				224B66D71FA8A56B0017E1D5 /* PatronStrategyTests.swift */,
				224B66D91FA8A56B0017E1D5 /* Info.plist */,
			);
			path = PatronStrategyTests;
			sourceTree = "<group>";
		};
		224B66E11FA8A56B0017E1D5 /* PatronStrategyUITests */ = {
			isa = PBXGroup;
			children = (
				224B66E21FA8A56B0017E1D5 /* PatronStrategyUITests.swift */,
				224B66E41FA8A56B0017E1D5 /* Info.plist */,
			);
			path = PatronStrategyUITests;
			sourceTree = "<group>";
		};
		224B66F01FA8B0CC0017E1D5 /* TableMVVM */ = {
			isa = PBXGroup;
			children = (
				225F96BB1FAB113A00192ECD /* Models */,
				225F96BA1FAB111C00192ECD /* Controllers */,
				225F96B91FAB111100192ECD /* ViewModels */,
				224B66F51FA8B22B0017E1D5 /* Cells */,
			);
			path = TableMVVM;
			sourceTree = "<group>";
		};
		224B66F51FA8B22B0017E1D5 /* Cells */ = {
			isa = PBXGroup;
			children = (
				224B66F61FA8B24C0017E1D5 /* ATableViewCell.swift */,
				224B66F71FA8B24C0017E1D5 /* ATableViewCell.xib */,
				224B66FA1FA8B45D0017E1D5 /* BTableViewCell.swift */,
				224B66FB1FA8B45D0017E1D5 /* BTableViewCell.xib */,
			);
			path = Cells;
			sourceTree = "<group>";
		};
		224B66FE1FA8B55F0017E1D5 /* Protocols */ = {
			isa = PBXGroup;
			children = (
				224B66FF1FA8B5780017E1D5 /* PatronStrategyDrawerProtocol.swift */,
			);
			path = Protocols;
			sourceTree = "<group>";
		};
		225F96B91FAB111100192ECD /* ViewModels */ = {
			isa = PBXGroup;
			children = (
				225F96C51FAB18DE00192ECD /* MainTableViewVM.swift */,
				225F96CB1FAB1F3900192ECD /* UserInformationVM.swift */,
				225F96CD1FAB1F5000192ECD /* UserPictureVM.swift */,
			);
			path = ViewModels;
			sourceTree = "<group>";
		};
		225F96BA1FAB111C00192ECD /* Controllers */ = {
			isa = PBXGroup;
			children = (
				224B66F11FA8B1A50017E1D5 /* MainTableViewController.swift */,
				224B66F21FA8B1A50017E1D5 /* MainTableViewController.xib */,
			);
			path = Controllers;
			sourceTree = "<group>";
		};
		225F96BB1FAB113A00192ECD /* Models */ = {
			isa = PBXGroup;
			children = (
				225F96BC1FAB11C400192ECD /* UserInformationModel.swift */,
				225F96BE1FAB11D200192ECD /* UserPictureModel.swift */,
				225F96D11FAB25D700192ECD /* MainTableModel.swift */,
			);
			path = Models;
			sourceTree = "<group>";
		};
		225F96D31FAB471500192ECD /* Enumerations */ = {
			isa = PBXGroup;
			children = (
				225F96D41FAB473000192ECD /* MainTableItemType.swift */,
			);
			path = Enumerations;
			sourceTree = "<group>";
		};
/* End PBXGroup section */

/* Begin PBXNativeTarget section */
		224B66BE1FA8A56B0017E1D5 /* PatronStrategy */ = {
			isa = PBXNativeTarget;
			buildConfigurationList = 224B66E71FA8A56B0017E1D5 /* Build configuration list for PBXNativeTarget "PatronStrategy" */;
			buildPhases = (
				224B66BB1FA8A56B0017E1D5 /* Sources */,
				224B66BC1FA8A56B0017E1D5 /* Frameworks */,
				224B66BD1FA8A56B0017E1D5 /* Resources */,
			);
			buildRules = (
			);
			dependencies = (
			);
			name = PatronStrategy;
			productName = PatronStrategy;
			productReference = 224B66BF1FA8A56B0017E1D5 /* PatronStrategy.app */;
			productType = "com.apple.product-type.application";
		};
		224B66D21FA8A56B0017E1D5 /* PatronStrategyTests */ = {
			isa = PBXNativeTarget;
			buildConfigurationList = 224B66EA1FA8A56B0017E1D5 /* Build configuration list for PBXNativeTarget "PatronStrategyTests" */;
			buildPhases = (
				224B66CF1FA8A56B0017E1D5 /* Sources */,
				224B66D01FA8A56B0017E1D5 /* Frameworks */,
				224B66D11FA8A56B0017E1D5 /* Resources */,
			);
			buildRules = (
			);
			dependencies = (
				224B66D51FA8A56B0017E1D5 /* PBXTargetDependency */,
			);
			name = PatronStrategyTests;
			productName = PatronStrategyTests;
			productReference = 224B66D31FA8A56B0017E1D5 /* PatronStrategyTests.xctest */;
			productType = "com.apple.product-type.bundle.unit-test";
		};
		224B66DD1FA8A56B0017E1D5 /* PatronStrategyUITests */ = {
			isa = PBXNativeTarget;
			buildConfigurationList = 224B66ED1FA8A56B0017E1D5 /* Build configuration list for PBXNativeTarget "PatronStrategyUITests" */;
			buildPhases = (
				224B66DA1FA8A56B0017E1D5 /* Sources */,
				224B66DB1FA8A56B0017E1D5 /* Frameworks */,
				224B66DC1FA8A56B0017E1D5 /* Resources */,
			);
			buildRules = (
			);
			dependencies = (
				224B66E01FA8A56B0017E1D5 /* PBXTargetDependency */,
			);
			name = PatronStrategyUITests;
			productName = PatronStrategyUITests;
			productReference = 224B66DE1FA8A56B0017E1D5 /* PatronStrategyUITests.xctest */;
			productType = "com.apple.product-type.bundle.ui-testing";
		};
/* End PBXNativeTarget section */

/* Begin PBXProject section */
		224B66B71FA8A56B0017E1D5 /* Project object */ = {
			isa = PBXProject;
			attributes = {
				LastSwiftUpdateCheck = 0900;
				LastUpgradeCheck = 0900;
				ORGANIZATIONNAME = "Pablo Sanchez Gomez";
				TargetAttributes = {
					224B66BE1FA8A56B0017E1D5 = {
						CreatedOnToolsVersion = 9.0.1;
						ProvisioningStyle = Automatic;
					};
					224B66D21FA8A56B0017E1D5 = {
						CreatedOnToolsVersion = 9.0.1;
						ProvisioningStyle = Automatic;
						TestTargetID = 224B66BE1FA8A56B0017E1D5;
					};
					224B66DD1FA8A56B0017E1D5 = {
						CreatedOnToolsVersion = 9.0.1;
						ProvisioningStyle = Automatic;
						TestTargetID = 224B66BE1FA8A56B0017E1D5;
					};
				};
			};
			buildConfigurationList = 224B66BA1FA8A56B0017E1D5 /* Build configuration list for PBXProject "PatronStrategy" */;
			compatibilityVersion = "Xcode 8.0";
			developmentRegion = en;
			hasScannedForEncodings = 0;
			knownRegions = (
				en,
				Base,
			);
			mainGroup = 224B66B61FA8A56B0017E1D5;
			productRefGroup = 224B66C01FA8A56B0017E1D5 /* Products */;
			projectDirPath = "";
			projectRoot = "";
			targets = (
				224B66BE1FA8A56B0017E1D5 /* PatronStrategy */,
				224B66D21FA8A56B0017E1D5 /* PatronStrategyTests */,
				224B66DD1FA8A56B0017E1D5 /* PatronStrategyUITests */,
			);
		};
/* End PBXProject section */

/* Begin PBXResourcesBuildPhase section */
		224B66BD1FA8A56B0017E1D5 /* Resources */ = {
			isa = PBXResourcesBuildPhase;
			buildActionMask = 2147483647;
			files = (
				224B66F41FA8B1A50017E1D5 /* MainTableViewController.xib in Resources */,
				224B66CD1FA8A56B0017E1D5 /* LaunchScreen.storyboard in Resources */,
				224B66FD1FA8B45D0017E1D5 /* BTableViewCell.xib in Resources */,
				224B66CA1FA8A56B0017E1D5 /* Assets.xcassets in Resources */,
				224B66F91FA8B24C0017E1D5 /* ATableViewCell.xib in Resources */,
				225F96CA1FAB1B3500192ECD /* dataExample.json in Resources */,
				224B66C81FA8A56B0017E1D5 /* Main.storyboard in Resources */,
			);
			runOnlyForDeploymentPostprocessing = 0;
		};
		224B66D11FA8A56B0017E1D5 /* Resources */ = {
			isa = PBXResourcesBuildPhase;
			buildActionMask = 2147483647;
			files = (
			);
			runOnlyForDeploymentPostprocessing = 0;
		};
		224B66DC1FA8A56B0017E1D5 /* Resources */ = {
			isa = PBXResourcesBuildPhase;
			buildActionMask = 2147483647;
			files = (
			);
			runOnlyForDeploymentPostprocessing = 0;
		};
/* End PBXResourcesBuildPhase section */

/* Begin PBXSourcesBuildPhase section */
		224B66BB1FA8A56B0017E1D5 /* Sources */ = {
			isa = PBXSourcesBuildPhase;
			buildActionMask = 2147483647;
			files = (
				225F96CC1FAB1F3900192ECD /* UserInformationVM.swift in Sources */,
				224B66FC1FA8B45D0017E1D5 /* BTableViewCell.swift in Sources */,
				225F96D21FAB25D700192ECD /* MainTableModel.swift in Sources */,
				225F96BF1FAB11D200192ECD /* UserPictureModel.swift in Sources */,
				224B67001FA8B5780017E1D5 /* PatronStrategyDrawerProtocol.swift in Sources */,
				225F96C61FAB18DE00192ECD /* MainTableViewVM.swift in Sources */,
				224B66F31FA8B1A50017E1D5 /* MainTableViewController.swift in Sources */,
				225F96CE1FAB1F5000192ECD /* UserPictureVM.swift in Sources */,
				225F96D51FAB473000192ECD /* MainTableItemType.swift in Sources */,
				225F96BD1FAB11C400192ECD /* UserInformationModel.swift in Sources */,
				224B66C31FA8A56B0017E1D5 /* AppDelegate.swift in Sources */,
				224B66F81FA8B24C0017E1D5 /* ATableViewCell.swift in Sources */,
			);
			runOnlyForDeploymentPostprocessing = 0;
		};
		224B66CF1FA8A56B0017E1D5 /* Sources */ = {
			isa = PBXSourcesBuildPhase;
			buildActionMask = 2147483647;
			files = (
				224B66D81FA8A56B0017E1D5 /* PatronStrategyTests.swift in Sources */,
			);
			runOnlyForDeploymentPostprocessing = 0;
		};
		224B66DA1FA8A56B0017E1D5 /* Sources */ = {
			isa = PBXSourcesBuildPhase;
			buildActionMask = 2147483647;
			files = (
				224B66E31FA8A56B0017E1D5 /* PatronStrategyUITests.swift in Sources */,
			);
			runOnlyForDeploymentPostprocessing = 0;
		};
/* End PBXSourcesBuildPhase section */

/* Begin PBXTargetDependency section */
		224B66D51FA8A56B0017E1D5 /* PBXTargetDependency */ = {
			isa = PBXTargetDependency;
			target = 224B66BE1FA8A56B0017E1D5 /* PatronStrategy */;
			targetProxy = 224B66D41FA8A56B0017E1D5 /* PBXContainerItemProxy */;
		};
		224B66E01FA8A56B0017E1D5 /* PBXTargetDependency */ = {
			isa = PBXTargetDependency;
			target = 224B66BE1FA8A56B0017E1D5 /* PatronStrategy */;
			targetProxy = 224B66DF1FA8A56B0017E1D5 /* PBXContainerItemProxy */;
		};
/* End PBXTargetDependency section */

/* Begin PBXVariantGroup section */
		224B66C61FA8A56B0017E1D5 /* Main.storyboard */ = {
			isa = PBXVariantGroup;
			children = (
				224B66C71FA8A56B0017E1D5 /* Base */,
			);
			name = Main.storyboard;
			sourceTree = "<group>";
		};
		224B66CB1FA8A56B0017E1D5 /* LaunchScreen.storyboard */ = {
			isa = PBXVariantGroup;
			children = (
				224B66CC1FA8A56B0017E1D5 /* Base */,
			);
			name = LaunchScreen.storyboard;
			sourceTree = "<group>";
		};
/* End PBXVariantGroup section */

/* Begin XCBuildConfiguration section */
		224B66E51FA8A56B0017E1D5 /* Debug */ = {
			isa = XCBuildConfiguration;
			buildSettings = {
				ALWAYS_SEARCH_USER_PATHS = NO;
				CLANG_ANALYZER_NONNULL = YES;
				CLANG_ANALYZER_NUMBER_OBJECT_CONVERSION = YES_AGGRESSIVE;
				CLANG_CXX_LANGUAGE_STANDARD = "gnu++14";
				CLANG_CXX_LIBRARY = "libc++";
				CLANG_ENABLE_MODULES = YES;
				CLANG_ENABLE_OBJC_ARC = YES;
				CLANG_WARN_BLOCK_CAPTURE_AUTORELEASING = YES;
				CLANG_WARN_BOOL_CONVERSION = YES;
				CLANG_WARN_COMMA = YES;
				CLANG_WARN_CONSTANT_CONVERSION = YES;
				CLANG_WARN_DIRECT_OBJC_ISA_USAGE = YES_ERROR;
				CLANG_WARN_DOCUMENTATION_COMMENTS = YES;
				CLANG_WARN_EMPTY_BODY = YES;
				CLANG_WARN_ENUM_CONVERSION = YES;
				CLANG_WARN_INFINITE_RECURSION = YES;
				CLANG_WARN_INT_CONVERSION = YES;
				CLANG_WARN_NON_LITERAL_NULL_CONVERSION = YES;
				CLANG_WARN_OBJC_LITERAL_CONVERSION = YES;
				CLANG_WARN_OBJC_ROOT_CLASS = YES_ERROR;
				CLANG_WARN_RANGE_LOOP_ANALYSIS = YES;
				CLANG_WARN_STRICT_PROTOTYPES = YES;
				CLANG_WARN_SUSPICIOUS_MOVE = YES;
				CLANG_WARN_UNGUARDED_AVAILABILITY = YES_AGGRESSIVE;
				CLANG_WARN_UNREACHABLE_CODE = YES;
				CLANG_WARN__DUPLICATE_METHOD_MATCH = YES;
				CODE_SIGN_IDENTITY = "iPhone Developer";
				COPY_PHASE_STRIP = NO;
				DEBUG_INFORMATION_FORMAT = dwarf;
				ENABLE_STRICT_OBJC_MSGSEND = YES;
				ENABLE_TESTABILITY = YES;
				GCC_C_LANGUAGE_STANDARD = gnu11;
				GCC_DYNAMIC_NO_PIC = NO;
				GCC_NO_COMMON_BLOCKS = YES;
				GCC_OPTIMIZATION_LEVEL = 0;
				GCC_PREPROCESSOR_DEFINITIONS = (
					"DEBUG=1",
					"$(inherited)",
				);
				GCC_WARN_64_TO_32_BIT_CONVERSION = YES;
				GCC_WARN_ABOUT_RETURN_TYPE = YES_ERROR;
				GCC_WARN_UNDECLARED_SELECTOR = YES;
				GCC_WARN_UNINITIALIZED_AUTOS = YES_AGGRESSIVE;
				GCC_WARN_UNUSED_FUNCTION = YES;
				GCC_WARN_UNUSED_VARIABLE = YES;
				IPHONEOS_DEPLOYMENT_TARGET = 11.0;
				MTL_ENABLE_DEBUG_INFO = YES;
				ONLY_ACTIVE_ARCH = YES;
				SDKROOT = iphoneos;
				SWIFT_ACTIVE_COMPILATION_CONDITIONS = DEBUG;
				SWIFT_OPTIMIZATION_LEVEL = "-Onone";
			};
			name = Debug;
		};
		224B66E61FA8A56B0017E1D5 /* Release */ = {
			isa = XCBuildConfiguration;
			buildSettings = {
				ALWAYS_SEARCH_USER_PATHS = NO;
				CLANG_ANALYZER_NONNULL = YES;
				CLANG_ANALYZER_NUMBER_OBJECT_CONVERSION = YES_AGGRESSIVE;
				CLANG_CXX_LANGUAGE_STANDARD = "gnu++14";
				CLANG_CXX_LIBRARY = "libc++";
				CLANG_ENABLE_MODULES = YES;
				CLANG_ENABLE_OBJC_ARC = YES;
				CLANG_WARN_BLOCK_CAPTURE_AUTORELEASING = YES;
				CLANG_WARN_BOOL_CONVERSION = YES;
				CLANG_WARN_COMMA = YES;
				CLANG_WARN_CONSTANT_CONVERSION = YES;
				CLANG_WARN_DIRECT_OBJC_ISA_USAGE = YES_ERROR;
				CLANG_WARN_DOCUMENTATION_COMMENTS = YES;
				CLANG_WARN_EMPTY_BODY = YES;
				CLANG_WARN_ENUM_CONVERSION = YES;
				CLANG_WARN_INFINITE_RECURSION = YES;
				CLANG_WARN_INT_CONVERSION = YES;
				CLANG_WARN_NON_LITERAL_NULL_CONVERSION = YES;
				CLANG_WARN_OBJC_LITERAL_CONVERSION = YES;
				CLANG_WARN_OBJC_ROOT_CLASS = YES_ERROR;
				CLANG_WARN_RANGE_LOOP_ANALYSIS = YES;
				CLANG_WARN_STRICT_PROTOTYPES = YES;
				CLANG_WARN_SUSPICIOUS_MOVE = YES;
				CLANG_WARN_UNGUARDED_AVAILABILITY = YES_AGGRESSIVE;
				CLANG_WARN_UNREACHABLE_CODE = YES;
				CLANG_WARN__DUPLICATE_METHOD_MATCH = YES;
				CODE_SIGN_IDENTITY = "iPhone Developer";
				COPY_PHASE_STRIP = NO;
				DEBUG_INFORMATION_FORMAT = "dwarf-with-dsym";
				ENABLE_NS_ASSERTIONS = NO;
				ENABLE_STRICT_OBJC_MSGSEND = YES;
				GCC_C_LANGUAGE_STANDARD = gnu11;
				GCC_NO_COMMON_BLOCKS = YES;
				GCC_WARN_64_TO_32_BIT_CONVERSION = YES;
				GCC_WARN_ABOUT_RETURN_TYPE = YES_ERROR;
				GCC_WARN_UNDECLARED_SELECTOR = YES;
				GCC_WARN_UNINITIALIZED_AUTOS = YES_AGGRESSIVE;
				GCC_WARN_UNUSED_FUNCTION = YES;
				GCC_WARN_UNUSED_VARIABLE = YES;
				IPHONEOS_DEPLOYMENT_TARGET = 11.0;
				MTL_ENABLE_DEBUG_INFO = NO;
				SDKROOT = iphoneos;
				SWIFT_OPTIMIZATION_LEVEL = "-Owholemodule";
				VALIDATE_PRODUCT = YES;
			};
			name = Release;
		};
		224B66E81FA8A56B0017E1D5 /* Debug */ = {
			isa = XCBuildConfiguration;
			buildSettings = {
				ASSETCATALOG_COMPILER_APPICON_NAME = AppIcon;
				CODE_SIGN_STYLE = Automatic;
				DEVELOPMENT_TEAM = 44PHHA5D47;
				INFOPLIST_FILE = PatronStrategy/Info.plist;
				LD_RUNPATH_SEARCH_PATHS = "$(inherited) @executable_path/Frameworks";
				PRODUCT_BUNDLE_IDENTIFIER = learning.PatronStrategy;
				PRODUCT_NAME = "$(TARGET_NAME)";
				SWIFT_VERSION = 4.0;
				TARGETED_DEVICE_FAMILY = "1,2";
			};
			name = Debug;
		};
		224B66E91FA8A56B0017E1D5 /* Release */ = {
			isa = XCBuildConfiguration;
			buildSettings = {
				ASSETCATALOG_COMPILER_APPICON_NAME = AppIcon;
				CODE_SIGN_STYLE = Automatic;
				DEVELOPMENT_TEAM = 44PHHA5D47;
				INFOPLIST_FILE = PatronStrategy/Info.plist;
				LD_RUNPATH_SEARCH_PATHS = "$(inherited) @executable_path/Frameworks";
				PRODUCT_BUNDLE_IDENTIFIER = learning.PatronStrategy;
				PRODUCT_NAME = "$(TARGET_NAME)";
				SWIFT_VERSION = 4.0;
				TARGETED_DEVICE_FAMILY = "1,2";
			};
			name = Release;
		};
		224B66EB1FA8A56B0017E1D5 /* Debug */ = {
			isa = XCBuildConfiguration;
			buildSettings = {
				ALWAYS_EMBED_SWIFT_STANDARD_LIBRARIES = YES;
				BUNDLE_LOADER = "$(TEST_HOST)";
				CODE_SIGN_STYLE = Automatic;
				DEVELOPMENT_TEAM = 44PHHA5D47;
				INFOPLIST_FILE = PatronStrategyTests/Info.plist;
				LD_RUNPATH_SEARCH_PATHS = "$(inherited) @executable_path/Frameworks @loader_path/Frameworks";
				PRODUCT_BUNDLE_IDENTIFIER = learning.PatronStrategyTests;
				PRODUCT_NAME = "$(TARGET_NAME)";
				SWIFT_VERSION = 4.0;
				TARGETED_DEVICE_FAMILY = "1,2";
				TEST_HOST = "$(BUILT_PRODUCTS_DIR)/PatronStrategy.app/PatronStrategy";
			};
			name = Debug;
		};
		224B66EC1FA8A56B0017E1D5 /* Release */ = {
			isa = XCBuildConfiguration;
			buildSettings = {
				ALWAYS_EMBED_SWIFT_STANDARD_LIBRARIES = YES;
				BUNDLE_LOADER = "$(TEST_HOST)";
				CODE_SIGN_STYLE = Automatic;
				DEVELOPMENT_TEAM = 44PHHA5D47;
				INFOPLIST_FILE = PatronStrategyTests/Info.plist;
				LD_RUNPATH_SEARCH_PATHS = "$(inherited) @executable_path/Frameworks @loader_path/Frameworks";
				PRODUCT_BUNDLE_IDENTIFIER = learning.PatronStrategyTests;
				PRODUCT_NAME = "$(TARGET_NAME)";
				SWIFT_VERSION = 4.0;
				TARGETED_DEVICE_FAMILY = "1,2";
				TEST_HOST = "$(BUILT_PRODUCTS_DIR)/PatronStrategy.app/PatronStrategy";
			};
			name = Release;
		};
		224B66EE1FA8A56B0017E1D5 /* Debug */ = {
			isa = XCBuildConfiguration;
			buildSettings = {
				ALWAYS_EMBED_SWIFT_STANDARD_LIBRARIES = YES;
				CODE_SIGN_STYLE = Automatic;
				DEVELOPMENT_TEAM = 44PHHA5D47;
				INFOPLIST_FILE = PatronStrategyUITests/Info.plist;
				LD_RUNPATH_SEARCH_PATHS = "$(inherited) @executable_path/Frameworks @loader_path/Frameworks";
				PRODUCT_BUNDLE_IDENTIFIER = learning.PatronStrategyUITests;
				PRODUCT_NAME = "$(TARGET_NAME)";
				SWIFT_VERSION = 4.0;
				TARGETED_DEVICE_FAMILY = "1,2";
				TEST_TARGET_NAME = PatronStrategy;
			};
			name = Debug;
		};
		224B66EF1FA8A56B0017E1D5 /* Release */ = {
			isa = XCBuildConfiguration;
			buildSettings = {
				ALWAYS_EMBED_SWIFT_STANDARD_LIBRARIES = YES;
				CODE_SIGN_STYLE = Automatic;
				DEVELOPMENT_TEAM = 44PHHA5D47;
				INFOPLIST_FILE = PatronStrategyUITests/Info.plist;
				LD_RUNPATH_SEARCH_PATHS = "$(inherited) @executable_path/Frameworks @loader_path/Frameworks";
				PRODUCT_BUNDLE_IDENTIFIER = learning.PatronStrategyUITests;
				PRODUCT_NAME = "$(TARGET_NAME)";
				SWIFT_VERSION = 4.0;
				TARGETED_DEVICE_FAMILY = "1,2";
				TEST_TARGET_NAME = PatronStrategy;
			};
			name = Release;
		};
/* End XCBuildConfiguration section */

/* Begin XCConfigurationList section */
		224B66BA1FA8A56B0017E1D5 /* Build configuration list for PBXProject "PatronStrategy" */ = {
			isa = XCConfigurationList;
			buildConfigurations = (
				224B66E51FA8A56B0017E1D5 /* Debug */,
				224B66E61FA8A56B0017E1D5 /* Release */,
			);
			defaultConfigurationIsVisible = 0;
			defaultConfigurationName = Release;
		};
		224B66E71FA8A56B0017E1D5 /* Build configuration list for PBXNativeTarget "PatronStrategy" */ = {
			isa = XCConfigurationList;
			buildConfigurations = (
				224B66E81FA8A56B0017E1D5 /* Debug */,
				224B66E91FA8A56B0017E1D5 /* Release */,
			);
			defaultConfigurationIsVisible = 0;
			defaultConfigurationName = Release;
		};
		224B66EA1FA8A56B0017E1D5 /* Build configuration list for PBXNativeTarget "PatronStrategyTests" */ = {
			isa = XCConfigurationList;
			buildConfigurations = (
				224B66EB1FA8A56B0017E1D5 /* Debug */,
				224B66EC1FA8A56B0017E1D5 /* Release */,
			);
			defaultConfigurationIsVisible = 0;
			defaultConfigurationName = Release;
		};
		224B66ED1FA8A56B0017E1D5 /* Build configuration list for PBXNativeTarget "PatronStrategyUITests" */ = {
			isa = XCConfigurationList;
			buildConfigurations = (
				224B66EE1FA8A56B0017E1D5 /* Debug */,
				224B66EF1FA8A56B0017E1D5 /* Release */,
			);
			defaultConfigurationIsVisible = 0;
			defaultConfigurationName = Release;
		};
/* End XCConfigurationList section */
	};
	rootObject = 224B66B71FA8A56B0017E1D5 /* Project object */;
}
